
Microsoft Visual Studio Solution File, Format Version 12.00
# Visual Studio 15
VisualStudioVersion = 15.0.28307.438
MinimumVisualStudioVersion = 10.0.40219.1
Project("{FAE04EC0-301F-11D3-BF4B-00C04F79EFBC}") = "ImgurURL", "ImgurURL\ImgurURL.csproj", "{183A32D7-8B1C-49CB-B916-347F8BE8A3ED}"
EndProject
Project("{FAE04EC0-301F-11D3-BF4B-00C04F79EFBC}") = "ImgurURLTester", "ImgurURLTester\ImgurURLTester.csproj", "{ED18C730-B3F1-427D-9BC9-CC41C0448321}"
EndProject
Global
	GlobalSection(SolutionConfigurationPlatforms) = preSolution
		Debug|Any CPU = Debug|Any CPU
		Release|Any CPU = Release|Any CPU
	EndGlobalSection
	GlobalSection(ProjectConfigurationPlatforms) = postSolution
		{183A32D7-8B1C-49CB-B916-347F8BE8A3ED}.Debug|Any CPU.ActiveCfg = Debug|Any CPU
		{183A32D7-8B1C-49CB-B916-347F8BE8A3ED}.Debug|Any CPU.Build.0 = Debug|Any CPU
		{183A32D7-8B1C-49CB-B916-347F8BE8A3ED}.Release|Any CPU.ActiveCfg = Release|Any CPU
		{183A32D7-8B1C-49CB-B916-347F8BE8A3ED}.Release|Any CPU.Build.0 = Release|Any CPU
		{ED18C730-B3F1-427D-9BC9-CC41C0448321}.Debug|Any CPU.ActiveCfg = Debug|Any CPU
		{ED18C730-B3F1-427D-9BC9-CC41C0448321}.Debug|Any CPU.Build.0 = Debug|Any CPU
		{ED18C730-B3F1-427D-9BC9-CC41C0448321}.Release|Any CPU.ActiveCfg = Release|Any CPU
		{ED18C730-B3F1-427D-9BC9-CC41C0448321}.Release|Any CPU.Build.0 = Release|Any CPU
	EndGlobalSection
	GlobalSection(SolutionProperties) = preSolution
		HideSolutionNode = FALSE
	EndGlobalSection
	GlobalSection(ExtensibilityGlobals) = postSolution
		SolutionGuid = {803652DF-33E7-4954-9724-528EFD48E326}
	EndGlobalSection
EndGlobal
